
Microsoft Visual Studio Solution File, Format Version 12.00
# Visual Studio Version 17
VisualStudioVersion = 17.6.33723.286
MinimumVisualStudioVersion = 10.0.40219.1
Project("{9A19103F-16F7-4668-BE54-9A1E7A4F7556}") = "Pra.Consumables.Wpf", "Pra.Consumables.Wpf\Pra.Consumables.Wpf.csproj", "{5FCF2CD5-31FA-4726-9EBF-55E265E81045}"
EndProject
Global
	GlobalSection(SolutionConfigurationPlatforms) = preSolution
		Debug|Any CPU = Debug|Any CPU
		Release|Any CPU = Release|Any CPU
	EndGlobalSection
	GlobalSection(ProjectConfigurationPlatforms) = postSolution
		{5FCF2CD5-31FA-4726-9EBF-55E265E81045}.Debug|Any CPU.ActiveCfg = Debug|Any CPU
		{5FCF2CD5-31FA-4726-9EBF-55E265E81045}.Debug|Any CPU.Build.0 = Debug|Any CPU
		{5FCF2CD5-31FA-4726-9EBF-55E265E81045}.Release|Any CPU.ActiveCfg = Release|Any CPU
		{5FCF2CD5-31FA-4726-9EBF-55E265E81045}.Release|Any CPU.Build.0 = Release|Any CPU
	EndGlobalSection
	GlobalSection(SolutionProperties) = preSolution
		HideSolutionNode = FALSE
	EndGlobalSection
	GlobalSection(ExtensibilityGlobals) = postSolution
		SolutionGuid = {08815C6A-162E-4709-8F15-FBA73F1C4B56}
	EndGlobalSection
EndGlobal
